
Microsoft Visual Studio Solution File, Format Version 12.00
# Visual Studio 2013
VisualStudioVersion = 12.0.31101.0
MinimumVisualStudioVersion = 10.0.40219.1
Project("{FAE04EC0-301F-11D3-BF4B-00C04F79EFBC}") = "Mvvm", "Mvvm\Mvvm.csproj", "{895EA8EB-706B-4DE2-88D7-13EB9EBD5186}"
EndProject
Project("{FAE04EC0-301F-11D3-BF4B-00C04F79EFBC}") = "Binding", "Binding\Binding.csproj", "{142D7CF0-B370-4833-B4F5-E1EE18064B0D}"
EndProject
Project("{FAE04EC0-301F-11D3-BF4B-00C04F79EFBC}") = "DataTemplate", "DataTemplate\DataTemplate.csproj", "{4AEC6772-31E8-4B2F-9FF6-E0296E03AF33}"
EndProject
Project("{FAE04EC0-301F-11D3-BF4B-00C04F79EFBC}") = "ItemsControlDataTemplate", "ItemsControlDataTemplate\ItemsControlDataTemplate.csproj", "{C9082A9D-6370-49BB-91D2-93DD223CA238}"
EndProject
Global
	GlobalSection(SolutionConfigurationPlatforms) = preSolution
		Debug|Any CPU = Debug|Any CPU
		Release|Any CPU = Release|Any CPU
	EndGlobalSection
	GlobalSection(ProjectConfigurationPlatforms) = postSolution
		{895EA8EB-706B-4DE2-88D7-13EB9EBD5186}.Debug|Any CPU.ActiveCfg = Debug|Any CPU
		{895EA8EB-706B-4DE2-88D7-13EB9EBD5186}.Debug|Any CPU.Build.0 = Debug|Any CPU
		{895EA8EB-706B-4DE2-88D7-13EB9EBD5186}.Release|Any CPU.ActiveCfg = Release|Any CPU
		{895EA8EB-706B-4DE2-88D7-13EB9EBD5186}.Release|Any CPU.Build.0 = Release|Any CPU
		{142D7CF0-B370-4833-B4F5-E1EE18064B0D}.Debug|Any CPU.ActiveCfg = Debug|Any CPU
		{142D7CF0-B370-4833-B4F5-E1EE18064B0D}.Debug|Any CPU.Build.0 = Debug|Any CPU
		{142D7CF0-B370-4833-B4F5-E1EE18064B0D}.Release|Any CPU.ActiveCfg = Release|Any CPU
		{142D7CF0-B370-4833-B4F5-E1EE18064B0D}.Release|Any CPU.Build.0 = Release|Any CPU
		{4AEC6772-31E8-4B2F-9FF6-E0296E03AF33}.Debug|Any CPU.ActiveCfg = Debug|Any CPU
		{4AEC6772-31E8-4B2F-9FF6-E0296E03AF33}.Debug|Any CPU.Build.0 = Debug|Any CPU
		{4AEC6772-31E8-4B2F-9FF6-E0296E03AF33}.Release|Any CPU.ActiveCfg = Release|Any CPU
		{4AEC6772-31E8-4B2F-9FF6-E0296E03AF33}.Release|Any CPU.Build.0 = Release|Any CPU
		{C9082A9D-6370-49BB-91D2-93DD223CA238}.Debug|Any CPU.ActiveCfg = Debug|Any CPU
		{C9082A9D-6370-49BB-91D2-93DD223CA238}.Debug|Any CPU.Build.0 = Debug|Any CPU
		{C9082A9D-6370-49BB-91D2-93DD223CA238}.Release|Any CPU.ActiveCfg = Release|Any CPU
		{C9082A9D-6370-49BB-91D2-93DD223CA238}.Release|Any CPU.Build.0 = Release|Any CPU
	EndGlobalSection
	GlobalSection(SolutionProperties) = preSolution
		HideSolutionNode = FALSE
	EndGlobalSection
EndGlobal
